GEM
  remote: https://rubygems.org/
  specs:
    CFPropertyList (3.0.8)
    activesupport (7.2.3)
      base64
      benchmark (>= 0.3)
      bigdecimal
      concurrent-ruby (~> 1.0, >= 1.3.1)
      connection_pool (>= 2.2.5)
      drb
      i18n (>= 1.6, < 2)
      logger (>= 1.4.2)
      minitest (>= 5.1)
      securerandom (>= 0.3)
      tzinfo (~> 2.0, >= 2.0.5)
    addressable (2.8.8)
      public_suffix (>= 2.0.2, < 8.0)
    algoliasearch (1.27.5)
      httpclient (~> 2.8, >= 2.8.3)
      json (>= 1.5.1)
    atomos (0.1.3)
    base64 (0.3.0)
    benchmark (0.5.0)
    bigdecimal (4.0.1)
    claide (1.1.0)
    cocoapods (1.15.2)
      addressable (~> 2.8)
      claide (>= 1.0.2, < 2.0)
      cocoapods-core (= 1.15.2)
      cocoapods-deintegrate (>= 1.0.3, < 2.0)
      cocoapods-downloader (>= 2.1, < 3.0)
      cocoapods-plugins (>= 1.0.0, < 2.0)
      cocoapods-search (>= 1.0.0, < 2.0)
      cocoapods-trunk (>= 1.6.0, < 2.0)
      cocoapods-try (>= 1.1.0, < 2.0)
      colored2 (~> 3.1)
      escape (~> 0.0.4)
      fourflusher (>= 2.3.0, < 3.0)
      gh_inspector (~> 1.0)
      molinillo (~> 0.8.0)
      nap (~> 1.0)
      ruby-macho (>= 2.3.0, < 3.0)
      xcodeproj (>= 1.23.0, < 2.0)
    cocoapods-core (1.15.2)
      activesupport (>= 5.0, < 8)
      addressable (~> 2.8)
      algoliasearch (~> 1.0)
      concurrent-ruby (~> 1.1)
      fuzzy_match (~> 2.0.4)
      nap (~> 1.0)
      netrc (~> 0.11)
      public_suffix (~> 4.0)
      typhoeus (~> 1.0)
    cocoapods-deintegrate (1.0.5)
    cocoapods-downloader (2.1)
    cocoapods-plugins (1.0.0)
      nap
    cocoapods-search (1.0.1)
    cocoapods-trunk (1.6.0)
      nap (>= 0.8, < 2.0)
      netrc (~> 0.11)
    cocoapods-try (1.2.0)
    colored2 (3.1.2)
    concurrent-ruby (1.3.3)
    connection_pool (3.0.2)
    drb (2.2.3)
    escape (0.0.4)
    ethon (0.15.0)
      ffi (>= 1.15.0)
    ffi (1.17.3)
    ffi (1.17.3-aarch64-linux-gnu)
    ffi (1.17.3-aarch64-linux-musl)
    ffi (1.17.3-arm-linux-gnu)
    ffi (1.17.3-arm-linux-musl)
    ffi (1.17.3-arm64-darwin)
    ffi (1.17.3-x86-linux-gnu)
    ffi (1.17.3-x86-linux-musl)
    ffi (1.17.3-x86_64-darwin)
    ffi (1.17.3-x86_64-linux-gnu)
    ffi (1.17.3-x86_64-linux-musl)
    fourflusher (2.3.1)
    fuzzy_match (2.0.4)
    gh_inspector (1.1.3)
    httpclient (2.9.0)
      mutex_m
    i18n (1.14.8)
      concurrent-ruby (~> 1.0)
    json (2.18.0)
    logger (1.7.0)
    minitest (6.0.1)
      prism (~> 1.5)
    molinillo (0.8.0)
    mutex_m (0.3.0)
    nanaimo (0.3.0)
    nap (1.1.0)
    netrc (0.11.0)
    prism (1.8.0)
    public_suffix (4.0.7)
    rexml (3.4.4)
    ruby-macho (2.5.1)
    securerandom (0.4.1)
    typhoeus (1.5.0)
      ethon (>= 0.9.0, < 0.16.0)
    tzinfo (2.0.6)
      concurrent-ruby (~> 1.0)
    xcodeproj (1.25.1)
      CFPropertyList (>= 2.3.3, < 4.0)
      atomos (~> 0.1.3)
      claide (>= 1.0.2, < 2.0)
      colored2 (~> 3.1)
      nanaimo (~> 0.3.0)
      rexml (>= 3.3.6, < 4.0)

PLATFORMS
  aarch64-linux-gnu
  aarch64-linux-musl
  arm-linux-gnu
  arm-linux-musl
  arm64-darwin
  ruby
  x86-linux-gnu
  x86-linux-musl
  x86_64-darwin
  x86_64-linux-gnu
  x86_64-linux-musl

DEPENDENCIES
  activesupport (>= 6.1.7.5, != 7.1.0)
  benchmark
  bigdecimal
  cocoapods (>= 1.13, != 1.15.1, != 1.15.0)
  concurrent-ruby (< 1.3.4)
  logger
  mutex_m
  xcodeproj (< 1.26.0)

CHECKSUMS
  CFPropertyList (3.0.8) sha256=2c99d0d980536d3d7ab252f7bd59ac8be50fbdd1ff487c98c949bb66bb114261
  activesupport (7.2.3) sha256=5675c9770dac93e371412684249f9dc3c8cec104efd0624362a520ae685c7b10
  addressable (2.8.8) sha256=7c13b8f9536cf6364c03b9d417c19986019e28f7c00ac8132da4eb0fe393b057
  algoliasearch (1.27.5)
  atomos (0.1.3)
  base64 (0.3.0) sha256=27337aeabad6ffae05c265c450490628ef3ebd4b67be58257393227588f5a97b
  benchmark (0.5.0) sha256=465df122341aedcb81a2a24b4d3bd19b6c67c1530713fd533f3ff034e419236c
  bigdecimal (4.0.1) sha256=8b07d3d065a9f921c80ceaea7c9d4ae596697295b584c296fe599dd0ad01c4a7
  claide (1.1.0)
  cocoapods (1.15.2) sha256=f0f5153de8d028d133b96f423e04f37fb97a1da0d11dda581a9f46c0cba4090a
  cocoapods-core (1.15.2)
  cocoapods-deintegrate (1.0.5)
  cocoapods-downloader (2.1)
  cocoapods-plugins (1.0.0)
  cocoapods-search (1.0.1)
  cocoapods-trunk (1.6.0)
  cocoapods-try (1.2.0)
  colored2 (3.1.2)
  concurrent-ruby (1.3.3) sha256=4f9cd28965c4dcf83ffd3ea7304f9323277be8525819cb18a3b61edcb56a7c6a
  connection_pool (3.0.2) sha256=33fff5ba71a12d2aa26cb72b1db8bba2a1a01823559fb01d29eb74c286e62e0a
  drb (2.2.3) sha256=0b00d6fdb50995fe4a45dea13663493c841112e4068656854646f418fda13373
  escape (0.0.4)
  ethon (0.15.0) sha256=0809805a035bc10f54162ca99f15ded49e428e0488bcfe1c08c821e18261a74d
  ffi (1.17.3)
  ffi (1.17.3-aarch64-linux-gnu)
  ffi (1.17.3-aarch64-linux-musl)
  ffi (1.17.3-arm-linux-gnu)
  ffi (1.17.3-arm-linux-musl)
  ffi (1.17.3-arm64-darwin)
  ffi (1.17.3-x86-linux-gnu)
  ffi (1.17.3-x86-linux-musl)
  ffi (1.17.3-x86_64-darwin) sha256=1f211811eb5cfaa25998322cdd92ab104bfbd26d1c4c08471599c511f2c00bb5
  ffi (1.17.3-x86_64-linux-gnu)
  ffi (1.17.3-x86_64-linux-musl)
  fourflusher (2.3.1)
  fuzzy_match (2.0.4)
  gh_inspector (1.1.3)
  httpclient (2.9.0)
  i18n (1.14.8) sha256=285778639134865c5e0f6269e0b818256017e8cde89993fdfcbfb64d088824a5
  json (2.18.0) sha256=b10506aee4183f5cf49e0efc48073d7b75843ce3782c68dbeb763351c08fd505
  logger (1.7.0) sha256=196edec7cc44b66cfb40f9755ce11b392f21f7967696af15d274dde7edff0203
  minitest (6.0.1) sha256=7854c74f48e2e975969062833adc4013f249a4b212f5e7b9d5c040bf838d54bb
  molinillo (0.8.0)
  mutex_m (0.3.0) sha256=cfcb04ac16b69c4813777022fdceda24e9f798e48092a2b817eb4c0a782b0751
  nanaimo (0.3.0) sha256=aaaedc60497070b864a7e220f7c4b4cad3a0daddda2c30055ba8dae306342376
  nap (1.1.0)
  netrc (0.11.0)
  prism (1.8.0) sha256=84453a16ef5530ea62c5f03ec16b52a459575ad4e7b9c2b360fd8ce2c39c1254
  public_suffix (4.0.7)
  rexml (3.4.4) sha256=19e0a2c3425dfbf2d4fc1189747bdb2f849b6c5e74180401b15734bc97b5d142
  ruby-macho (2.5.1)
  securerandom (0.4.1)
  typhoeus (1.5.0) sha256=120b67ed1ef515e6c0e938176db880f15b0916f038e78ce2a66290f3f1de3e3b
  tzinfo (2.0.6)
  xcodeproj (1.25.1) sha256=9a2310dccf6d717076e86f602b17c640046b6f1dfe64480044596f6f2f13dc84

RUBY VERSION
  ruby 3.2.2

BUNDLED WITH
  4.0.4
